schema: '2.0'
stages:
  prepare_data:
    cmd: python src/prepare_data.py
    deps:
    - path: data/raw
      hash: md5
      md5: 3eb5f2b8af5264ea8223291665b44944.dir
      size: 829817
      nfiles: 1
    - path: src/prepare_data.py
      hash: md5
      md5: d7f9c69428edd4cc05d4c288199b6220
      size: 1255
    outs:
    - path: data/processed
      hash: md5
      md5: 2736ac784411cbf9156f086d5e08f192.dir
      size: 819160
      nfiles: 1
  engineer_features:
    cmd: python src/engineer_features.py
    deps:
    - path: data/processed
      hash: md5
      md5: 2736ac784411cbf9156f086d5e08f192.dir
      size: 819160
      nfiles: 1
    - path: src/engineer_features.py
      hash: md5
      md5: ebe0a637ac78349927edd1dc865363c0
      size: 3037
    params:
      params.yaml:
        train:
          test_size: 0.2
          random_state: 42
    outs:
    - path: data/test
      hash: md5
      md5: d1e4881a57da1dba08d6274d884a7635.dir
      size: 225642
      nfiles: 2
    - path: data/training
      hash: md5
      md5: a121199cffaf662748de611444f5080d.dir
      size: 903152
      nfiles: 2
  train_model:
    cmd: python src/train_model.py
    deps:
    - path: data/training
      hash: md5
      md5: a121199cffaf662748de611444f5080d.dir
      size: 903152
      nfiles: 2
    - path: src/train_model.py
      hash: md5
      md5: bc2182743a5ed5f98d4732b5a976e451
      size: 3729
    params:
      params.yaml:
        model:
          name: random_forest
          n_estimators: 200
          max_depth: 8
          min_samples_split: 2
          min_samples_leaf: 1
          random_state: 42
          n_jobs: -1
    outs:
    - path: registered_models/best_weather_regressor.joblib
      hash: md5
      md5: ae2f6edd451a6faa80c11004796b2ef5
      size: 6373825
  evaluate_model:
    cmd: python src/evaluate_model.py
    deps:
    - path: data/test
      hash: md5
      md5: d1e4881a57da1dba08d6274d884a7635.dir
      size: 225642
      nfiles: 2
    - path: registered_models/best_weather_regressor.joblib
      hash: md5
      md5: ae2f6edd451a6faa80c11004796b2ef5
      size: 6373825
    - path: src/evaluate_model.py
      hash: md5
      md5: 96e87ba24a3ca5ba0f841c81d79807f9
      size: 2400
    params:
      params.yaml:
        evaluate.metrics:
        - r2_score
        - mean_absolute_error
        - root_mean_squared_error
