schema: '2.0'
stages:
  prepare_data:
    cmd: python src/prepare_data.py
    deps:
    - path: data/raw
      hash: md5
      md5: 3eb5f2b8af5264ea8223291665b44944.dir
      size: 829817
      nfiles: 1
    - path: src/prepare_data.py
      hash: md5
      md5: 0078196c8594c32174fbbe1bdff9ba89
      size: 1249
    outs:
    - path: data/processed
      hash: md5
      md5: 2736ac784411cbf9156f086d5e08f192.dir
      size: 819160
      nfiles: 1
  engineer_features:
    cmd: python src/engineer_features.py
    deps:
    - path: data/processed
      hash: md5
      md5: 2736ac784411cbf9156f086d5e08f192.dir
      size: 819160
      nfiles: 1
    - path: src/engineer_features.py
      hash: md5
      md5: 8666a76393ce5ae9ff121e29d1722888
      size: 3031
    outs:
    - path: data/test
      hash: md5
      md5: d1e4881a57da1dba08d6274d884a7635.dir
      size: 225642
      nfiles: 2
    - path: data/training
      hash: md5
      md5: a121199cffaf662748de611444f5080d.dir
      size: 903152
      nfiles: 2
  train_model:
    cmd: python src/train_model.py
    deps:
    - path: data/training
      hash: md5
      md5: a121199cffaf662748de611444f5080d.dir
      size: 903152
      nfiles: 2
    - path: src/train_model.py
      hash: md5
      md5: 5989cc73966f42e66b88d933c854605b
      size: 3022
    outs:
    - path: registered_models/best_weather_regressor.joblib
      hash: md5
      md5: ae2f6edd451a6faa80c11004796b2ef5
      size: 6373825
  evaluate_model:
    cmd: python src/evaluate_model.py
    deps:
    - path: data/test
      hash: md5
      md5: d1e4881a57da1dba08d6274d884a7635.dir
      size: 225642
      nfiles: 2
    - path: registered_models/best_weather_regressor.joblib
      hash: md5
      md5: ae2f6edd451a6faa80c11004796b2ef5
      size: 6373825
    - path: src/evaluate_model.py
      hash: md5
      md5: 8fd6341f39594415d4e96d9e08c62008
      size: 1939
